
Microsoft Visual Studio Solution File, Format Version 12.00
# Visual Studio 14
VisualStudioVersion = 14.0.25420.1
MinimumVisualStudioVersion = 10.0.40219.1
Project("{8BC9CEB8-8B4A-11D0-8D11-00A0C91BC942}") = "ZQCNN", "ZQCNN\ZQCNN.vcxproj", "{43AA2D6A-447E-4153-8A29-7AE8A8296DC7}"
EndProject
Project("{8BC9CEB8-8B4A-11D0-8D11-00A0C91BC942}") = "CompareWithOpenBLAS", "SamplesZQCNN\CompareWithOpenBLAS\CompareWithOpenBLAS.vcxproj", "{41FF81CD-6CBF-40DE-B4FA-13B187693D31}"
	ProjectSection(ProjectDependencies) = postProject
		{43AA2D6A-447E-4153-8A29-7AE8A8296DC7} = {43AA2D6A-447E-4153-8A29-7AE8A8296DC7}
	EndProjectSection
EndProject
Project("{8BC9CEB8-8B4A-11D0-8D11-00A0C91BC942}") = "SampleFacialNet", "SamplesZQCNN\SampleFacialNet\SampleFacialNet.vcxproj", "{A528C32E-7B2F-46A9-95DE-F0D83188602E}"
	ProjectSection(ProjectDependencies) = postProject
		{43AA2D6A-447E-4153-8A29-7AE8A8296DC7} = {43AA2D6A-447E-4153-8A29-7AE8A8296DC7}
	EndProjectSection
EndProject
Project("{8BC9CEB8-8B4A-11D0-8D11-00A0C91BC942}") = "SampleMTCNN", "SamplesZQCNN\SampleMTCNN\SampleMTCNN.vcxproj", "{B145EEEB-B178-4C84-B46C-96B32DA394F9}"
	ProjectSection(ProjectDependencies) = postProject
		{43AA2D6A-447E-4153-8A29-7AE8A8296DC7} = {43AA2D6A-447E-4153-8A29-7AE8A8296DC7}
	EndProjectSection
EndProject
Project("{8BC9CEB8-8B4A-11D0-8D11-00A0C91BC942}") = "SampleSphereFaceNet", "SamplesZQCNN\SampleSphereFaceNet\SampleSphereFaceNet.vcxproj", "{77EC5CF0-7A6C-4F1B-8D03-A425168DA3E7}"
	ProjectSection(ProjectDependencies) = postProject
		{43AA2D6A-447E-4153-8A29-7AE8A8296DC7} = {43AA2D6A-447E-4153-8A29-7AE8A8296DC7}
	EndProjectSection
EndProject
Project("{8BC9CEB8-8B4A-11D0-8D11-00A0C91BC942}") = "SampleSSD", "SamplesZQCNN\SampleSSD\SampleSSD.vcxproj", "{404C7DFA-1DEB-4400-BA0D-D06C86F293AB}"
	ProjectSection(ProjectDependencies) = postProject
		{43AA2D6A-447E-4153-8A29-7AE8A8296DC7} = {43AA2D6A-447E-4153-8A29-7AE8A8296DC7}
	EndProjectSection
EndProject
Project("{8BC9CEB8-8B4A-11D0-8D11-00A0C91BC942}") = "SampleDetectMouth", "SamplesZQCNN\SampleDetectMouth\SampleDetectMouth.vcxproj", "{EE58AAF3-7A3F-4AAF-ABDE-4CD7EF5288D9}"
	ProjectSection(ProjectDependencies) = postProject
		{43AA2D6A-447E-4153-8A29-7AE8A8296DC7} = {43AA2D6A-447E-4153-8A29-7AE8A8296DC7}
	EndProjectSection
EndProject
Project("{8BC9CEB8-8B4A-11D0-8D11-00A0C91BC942}") = "mxnet2zqcnn", "SamplesZQCNN\mxnet2zqcnn\mxnet2zqcnn.vcxproj", "{29808DFF-D602-432A-8F9E-C64D504EC6B6}"
EndProject
Project("{8BC9CEB8-8B4A-11D0-8D11-00A0C91BC942}") = "SampleMobileFaceNet", "SamplesZQCNN\SampleMobileFaceNet\SampleMobileFaceNet.vcxproj", "{99A02812-5763-445B-87EA-1AF9107F9F29}"
EndProject
Project("{8BC9CEB8-8B4A-11D0-8D11-00A0C91BC942}") = "SampleGenderAge", "SamplesZQCNN\SampleGenderAge\SampleGenderAge.vcxproj", "{C1BFBBCE-E9FE-4655-8841-0E51DF71C89B}"
	ProjectSection(ProjectDependencies) = postProject
		{43AA2D6A-447E-4153-8A29-7AE8A8296DC7} = {43AA2D6A-447E-4153-8A29-7AE8A8296DC7}
	EndProjectSection
EndProject
Project("{8BC9CEB8-8B4A-11D0-8D11-00A0C91BC942}") = "SampleTextBoxes", "SamplesZQCNN\SampleTextBoxes\SampleTextBoxes.vcxproj", "{DF40D06F-2480-48D2-A7B3-E268CD15C670}"
	ProjectSection(ProjectDependencies) = postProject
		{43AA2D6A-447E-4153-8A29-7AE8A8296DC7} = {43AA2D6A-447E-4153-8A29-7AE8A8296DC7}
	EndProjectSection
EndProject
Global
	GlobalSection(SolutionConfigurationPlatforms) = preSolution
		Debug|x64 = Debug|x64
		Debug|x86 = Debug|x86
		Release|x64 = Release|x64
		Release|x86 = Release|x86
	EndGlobalSection
	GlobalSection(ProjectConfigurationPlatforms) = postSolution
		{43AA2D6A-447E-4153-8A29-7AE8A8296DC7}.Debug|x64.ActiveCfg = Debug|x64
		{43AA2D6A-447E-4153-8A29-7AE8A8296DC7}.Debug|x64.Build.0 = Debug|x64
		{43AA2D6A-447E-4153-8A29-7AE8A8296DC7}.Debug|x86.ActiveCfg = Debug|Win32
		{43AA2D6A-447E-4153-8A29-7AE8A8296DC7}.Debug|x86.Build.0 = Debug|Win32
		{43AA2D6A-447E-4153-8A29-7AE8A8296DC7}.Release|x64.ActiveCfg = Release|x64
		{43AA2D6A-447E-4153-8A29-7AE8A8296DC7}.Release|x64.Build.0 = Release|x64
		{43AA2D6A-447E-4153-8A29-7AE8A8296DC7}.Release|x86.ActiveCfg = Release|Win32
		{43AA2D6A-447E-4153-8A29-7AE8A8296DC7}.Release|x86.Build.0 = Release|Win32
		{41FF81CD-6CBF-40DE-B4FA-13B187693D31}.Debug|x64.ActiveCfg = Debug|x64
		{41FF81CD-6CBF-40DE-B4FA-13B187693D31}.Debug|x64.Build.0 = Debug|x64
		{41FF81CD-6CBF-40DE-B4FA-13B187693D31}.Debug|x86.ActiveCfg = Debug|Win32
		{41FF81CD-6CBF-40DE-B4FA-13B187693D31}.Debug|x86.Build.0 = Debug|Win32
		{41FF81CD-6CBF-40DE-B4FA-13B187693D31}.Release|x64.ActiveCfg = Release|x64
		{41FF81CD-6CBF-40DE-B4FA-13B187693D31}.Release|x64.Build.0 = Release|x64
		{41FF81CD-6CBF-40DE-B4FA-13B187693D31}.Release|x86.ActiveCfg = Release|Win32
		{41FF81CD-6CBF-40DE-B4FA-13B187693D31}.Release|x86.Build.0 = Release|Win32
		{A528C32E-7B2F-46A9-95DE-F0D83188602E}.Debug|x64.ActiveCfg = Debug|x64
		{A528C32E-7B2F-46A9-95DE-F0D83188602E}.Debug|x64.Build.0 = Debug|x64
		{A528C32E-7B2F-46A9-95DE-F0D83188602E}.Debug|x86.ActiveCfg = Debug|Win32
		{A528C32E-7B2F-46A9-95DE-F0D83188602E}.Debug|x86.Build.0 = Debug|Win32
		{A528C32E-7B2F-46A9-95DE-F0D83188602E}.Release|x64.ActiveCfg = Release|x64
		{A528C32E-7B2F-46A9-95DE-F0D83188602E}.Release|x64.Build.0 = Release|x64
		{A528C32E-7B2F-46A9-95DE-F0D83188602E}.Release|x86.ActiveCfg = Release|Win32
		{A528C32E-7B2F-46A9-95DE-F0D83188602E}.Release|x86.Build.0 = Release|Win32
		{B145EEEB-B178-4C84-B46C-96B32DA394F9}.Debug|x64.ActiveCfg = Debug|x64
		{B145EEEB-B178-4C84-B46C-96B32DA394F9}.Debug|x64.Build.0 = Debug|x64
		{B145EEEB-B178-4C84-B46C-96B32DA394F9}.Debug|x86.ActiveCfg = Debug|Win32
		{B145EEEB-B178-4C84-B46C-96B32DA394F9}.Debug|x86.Build.0 = Debug|Win32
		{B145EEEB-B178-4C84-B46C-96B32DA394F9}.Release|x64.ActiveCfg = Release|x64
		{B145EEEB-B178-4C84-B46C-96B32DA394F9}.Release|x64.Build.0 = Release|x64
		{B145EEEB-B178-4C84-B46C-96B32DA394F9}.Release|x86.ActiveCfg = Release|Win32
		{B145EEEB-B178-4C84-B46C-96B32DA394F9}.Release|x86.Build.0 = Release|Win32
		{77EC5CF0-7A6C-4F1B-8D03-A425168DA3E7}.Debug|x64.ActiveCfg = Debug|x64
		{77EC5CF0-7A6C-4F1B-8D03-A425168DA3E7}.Debug|x64.Build.0 = Debug|x64
		{77EC5CF0-7A6C-4F1B-8D03-A425168DA3E7}.Debug|x86.ActiveCfg = Debug|Win32
		{77EC5CF0-7A6C-4F1B-8D03-A425168DA3E7}.Debug|x86.Build.0 = Debug|Win32
		{77EC5CF0-7A6C-4F1B-8D03-A425168DA3E7}.Release|x64.ActiveCfg = Release|x64
		{77EC5CF0-7A6C-4F1B-8D03-A425168DA3E7}.Release|x64.Build.0 = Release|x64
		{77EC5CF0-7A6C-4F1B-8D03-A425168DA3E7}.Release|x86.ActiveCfg = Release|Win32
		{77EC5CF0-7A6C-4F1B-8D03-A425168DA3E7}.Release|x86.Build.0 = Release|Win32
		{404C7DFA-1DEB-4400-BA0D-D06C86F293AB}.Debug|x64.ActiveCfg = Debug|x64
		{404C7DFA-1DEB-4400-BA0D-D06C86F293AB}.Debug|x64.Build.0 = Debug|x64
		{404C7DFA-1DEB-4400-BA0D-D06C86F293AB}.Debug|x86.ActiveCfg = Debug|Win32
		{404C7DFA-1DEB-4400-BA0D-D06C86F293AB}.Debug|x86.Build.0 = Debug|Win32
		{404C7DFA-1DEB-4400-BA0D-D06C86F293AB}.Release|x64.ActiveCfg = Release|x64
		{404C7DFA-1DEB-4400-BA0D-D06C86F293AB}.Release|x64.Build.0 = Release|x64
		{404C7DFA-1DEB-4400-BA0D-D06C86F293AB}.Release|x86.ActiveCfg = Release|Win32
		{404C7DFA-1DEB-4400-BA0D-D06C86F293AB}.Release|x86.Build.0 = Release|Win32
		{EE58AAF3-7A3F-4AAF-ABDE-4CD7EF5288D9}.Debug|x64.ActiveCfg = Debug|x64
		{EE58AAF3-7A3F-4AAF-ABDE-4CD7EF5288D9}.Debug|x64.Build.0 = Debug|x64
		{EE58AAF3-7A3F-4AAF-ABDE-4CD7EF5288D9}.Debug|x86.ActiveCfg = Debug|Win32
		{EE58AAF3-7A3F-4AAF-ABDE-4CD7EF5288D9}.Debug|x86.Build.0 = Debug|Win32
		{EE58AAF3-7A3F-4AAF-ABDE-4CD7EF5288D9}.Release|x64.ActiveCfg = Release|x64
		{EE58AAF3-7A3F-4AAF-ABDE-4CD7EF5288D9}.Release|x64.Build.0 = Release|x64
		{EE58AAF3-7A3F-4AAF-ABDE-4CD7EF5288D9}.Release|x86.ActiveCfg = Release|Win32
		{EE58AAF3-7A3F-4AAF-ABDE-4CD7EF5288D9}.Release|x86.Build.0 = Release|Win32
		{29808DFF-D602-432A-8F9E-C64D504EC6B6}.Debug|x64.ActiveCfg = Debug|x64
		{29808DFF-D602-432A-8F9E-C64D504EC6B6}.Debug|x64.Build.0 = Debug|x64
		{29808DFF-D602-432A-8F9E-C64D504EC6B6}.Debug|x86.ActiveCfg = Debug|Win32
		{29808DFF-D602-432A-8F9E-C64D504EC6B6}.Debug|x86.Build.0 = Debug|Win32
		{29808DFF-D602-432A-8F9E-C64D504EC6B6}.Release|x64.ActiveCfg = Release|x64
		{29808DFF-D602-432A-8F9E-C64D504EC6B6}.Release|x64.Build.0 = Release|x64
		{29808DFF-D602-432A-8F9E-C64D504EC6B6}.Release|x86.ActiveCfg = Release|Win32
		{29808DFF-D602-432A-8F9E-C64D504EC6B6}.Release|x86.Build.0 = Release|Win32
		{99A02812-5763-445B-87EA-1AF9107F9F29}.Debug|x64.ActiveCfg = Debug|x64
		{99A02812-5763-445B-87EA-1AF9107F9F29}.Debug|x64.Build.0 = Debug|x64
		{99A02812-5763-445B-87EA-1AF9107F9F29}.Debug|x86.ActiveCfg = Debug|Win32
		{99A02812-5763-445B-87EA-1AF9107F9F29}.Debug|x86.Build.0 = Debug|Win32
		{99A02812-5763-445B-87EA-1AF9107F9F29}.Release|x64.ActiveCfg = Release|x64
		{99A02812-5763-445B-87EA-1AF9107F9F29}.Release|x64.Build.0 = Release|x64
		{99A02812-5763-445B-87EA-1AF9107F9F29}.Release|x86.ActiveCfg = Release|Win32
		{99A02812-5763-445B-87EA-1AF9107F9F29}.Release|x86.Build.0 = Release|Win32
		{C1BFBBCE-E9FE-4655-8841-0E51DF71C89B}.Debug|x64.ActiveCfg = Debug|x64
		{C1BFBBCE-E9FE-4655-8841-0E51DF71C89B}.Debug|x64.Build.0 = Debug|x64
		{C1BFBBCE-E9FE-4655-8841-0E51DF71C89B}.Debug|x86.ActiveCfg = Debug|Win32
		{C1BFBBCE-E9FE-4655-8841-0E51DF71C89B}.Debug|x86.Build.0 = Debug|Win32
		{C1BFBBCE-E9FE-4655-8841-0E51DF71C89B}.Release|x64.ActiveCfg = Release|x64
		{C1BFBBCE-E9FE-4655-8841-0E51DF71C89B}.Release|x64.Build.0 = Release|x64
		{C1BFBBCE-E9FE-4655-8841-0E51DF71C89B}.Release|x86.ActiveCfg = Release|Win32
		{C1BFBBCE-E9FE-4655-8841-0E51DF71C89B}.Release|x86.Build.0 = Release|Win32
		{DF40D06F-2480-48D2-A7B3-E268CD15C670}.Debug|x64.ActiveCfg = Debug|x64
		{DF40D06F-2480-48D2-A7B3-E268CD15C670}.Debug|x64.Build.0 = Debug|x64
		{DF40D06F-2480-48D2-A7B3-E268CD15C670}.Debug|x86.ActiveCfg = Debug|Win32
		{DF40D06F-2480-48D2-A7B3-E268CD15C670}.Debug|x86.Build.0 = Debug|Win32
		{DF40D06F-2480-48D2-A7B3-E268CD15C670}.Release|x64.ActiveCfg = Release|x64
		{DF40D06F-2480-48D2-A7B3-E268CD15C670}.Release|x64.Build.0 = Release|x64
		{DF40D06F-2480-48D2-A7B3-E268CD15C670}.Release|x86.ActiveCfg = Release|Win32
		{DF40D06F-2480-48D2-A7B3-E268CD15C670}.Release|x86.Build.0 = Release|Win32
	EndGlobalSection
	GlobalSection(SolutionProperties) = preSolution
		HideSolutionNode = FALSE
	EndGlobalSection
EndGlobal
