
Microsoft Visual Studio Solution File, Format Version 12.00
# Visual Studio 14
VisualStudioVersion = 14.0.25420.1
MinimumVisualStudioVersion = 10.0.40219.1
Project("{8BC9CEB8-8B4A-11D0-8D11-00A0C91BC942}") = "ZQCNN", "ZQCNN\ZQCNN.vcxproj", "{43AA2D6A-447E-4153-8A29-7AE8A8296DC7}"
	ProjectSection(ProjectDependencies) = postProject
		{68ED426A-4BD4-4703-8741-048A0A07CE9F} = {68ED426A-4BD4-4703-8741-048A0A07CE9F}
	EndProjectSection
EndProject
Project("{8BC9CEB8-8B4A-11D0-8D11-00A0C91BC942}") = "CompareWithOpenBLAS", "SamplesZQCNN\CompareWithOpenBLAS\CompareWithOpenBLAS.vcxproj", "{41FF81CD-6CBF-40DE-B4FA-13B187693D31}"
	ProjectSection(ProjectDependencies) = postProject
		{43AA2D6A-447E-4153-8A29-7AE8A8296DC7} = {43AA2D6A-447E-4153-8A29-7AE8A8296DC7}
	EndProjectSection
EndProject
Project("{8BC9CEB8-8B4A-11D0-8D11-00A0C91BC942}") = "SampleFacialNet", "SamplesZQCNN\SampleFacialNet\SampleFacialNet.vcxproj", "{A528C32E-7B2F-46A9-95DE-F0D83188602E}"
	ProjectSection(ProjectDependencies) = postProject
		{43AA2D6A-447E-4153-8A29-7AE8A8296DC7} = {43AA2D6A-447E-4153-8A29-7AE8A8296DC7}
	EndProjectSection
EndProject
Project("{8BC9CEB8-8B4A-11D0-8D11-00A0C91BC942}") = "SampleMTCNN", "SamplesZQCNN\SampleMTCNN\SampleMTCNN.vcxproj", "{B145EEEB-B178-4C84-B46C-96B32DA394F9}"
	ProjectSection(ProjectDependencies) = postProject
		{43AA2D6A-447E-4153-8A29-7AE8A8296DC7} = {43AA2D6A-447E-4153-8A29-7AE8A8296DC7}
	EndProjectSection
EndProject
Project("{8BC9CEB8-8B4A-11D0-8D11-00A0C91BC942}") = "SampleSphereFaceNet", "SamplesZQCNN\SampleSphereFaceNet\SampleSphereFaceNet.vcxproj", "{77EC5CF0-7A6C-4F1B-8D03-A425168DA3E7}"
	ProjectSection(ProjectDependencies) = postProject
		{43AA2D6A-447E-4153-8A29-7AE8A8296DC7} = {43AA2D6A-447E-4153-8A29-7AE8A8296DC7}
	EndProjectSection
EndProject
Project("{8BC9CEB8-8B4A-11D0-8D11-00A0C91BC942}") = "SampleSSD", "SamplesZQCNN\SampleSSD\SampleSSD.vcxproj", "{404C7DFA-1DEB-4400-BA0D-D06C86F293AB}"
	ProjectSection(ProjectDependencies) = postProject
		{43AA2D6A-447E-4153-8A29-7AE8A8296DC7} = {43AA2D6A-447E-4153-8A29-7AE8A8296DC7}
	EndProjectSection
EndProject
Project("{8BC9CEB8-8B4A-11D0-8D11-00A0C91BC942}") = "SampleDetectMouth", "SamplesZQCNN\SampleDetectMouth\SampleDetectMouth.vcxproj", "{EE58AAF3-7A3F-4AAF-ABDE-4CD7EF5288D9}"
	ProjectSection(ProjectDependencies) = postProject
		{43AA2D6A-447E-4153-8A29-7AE8A8296DC7} = {43AA2D6A-447E-4153-8A29-7AE8A8296DC7}
	EndProjectSection
EndProject
Project("{8BC9CEB8-8B4A-11D0-8D11-00A0C91BC942}") = "mxnet2zqcnn", "SamplesZQCNN\mxnet2zqcnn\mxnet2zqcnn.vcxproj", "{29808DFF-D602-432A-8F9E-C64D504EC6B6}"
EndProject
Project("{8BC9CEB8-8B4A-11D0-8D11-00A0C91BC942}") = "SampleMobileFaceNet", "SamplesZQCNN\SampleMobileFaceNet\SampleMobileFaceNet.vcxproj", "{99A02812-5763-445B-87EA-1AF9107F9F29}"
	ProjectSection(ProjectDependencies) = postProject
		{43AA2D6A-447E-4153-8A29-7AE8A8296DC7} = {43AA2D6A-447E-4153-8A29-7AE8A8296DC7}
	EndProjectSection
EndProject
Project("{8BC9CEB8-8B4A-11D0-8D11-00A0C91BC942}") = "SampleGenderAge", "SamplesZQCNN\SampleGenderAge\SampleGenderAge.vcxproj", "{C1BFBBCE-E9FE-4655-8841-0E51DF71C89B}"
	ProjectSection(ProjectDependencies) = postProject
		{43AA2D6A-447E-4153-8A29-7AE8A8296DC7} = {43AA2D6A-447E-4153-8A29-7AE8A8296DC7}
	EndProjectSection
EndProject
Project("{8BC9CEB8-8B4A-11D0-8D11-00A0C91BC942}") = "SampleTextBoxes", "SamplesZQCNN\SampleTextBoxes\SampleTextBoxes.vcxproj", "{DF40D06F-2480-48D2-A7B3-E268CD15C670}"
	ProjectSection(ProjectDependencies) = postProject
		{43AA2D6A-447E-4153-8A29-7AE8A8296DC7} = {43AA2D6A-447E-4153-8A29-7AE8A8296DC7}
	EndProjectSection
EndProject
Project("{8BC9CEB8-8B4A-11D0-8D11-00A0C91BC942}") = "SampleNSFW", "SamplesZQCNN\SampleNSFW\SampleNSFW.vcxproj", "{A18177EC-DD03-4BBD-BC61-7B704DE64F2B}"
	ProjectSection(ProjectDependencies) = postProject
		{43AA2D6A-447E-4153-8A29-7AE8A8296DC7} = {43AA2D6A-447E-4153-8A29-7AE8A8296DC7}
	EndProjectSection
EndProject
Project("{8BC9CEB8-8B4A-11D0-8D11-00A0C91BC942}") = "SampleSphereFaceNetLoadFromBuffer", "SamplesZQCNN\SampleSphereFaceNetLoadFromBuffer\SampleSphereFaceNetLoadFromBuffer.vcxproj", "{F31658B6-F186-405E-881D-E5A9C2CAE80D}"
	ProjectSection(ProjectDependencies) = postProject
		{43AA2D6A-447E-4153-8A29-7AE8A8296DC7} = {43AA2D6A-447E-4153-8A29-7AE8A8296DC7}
	EndProjectSection
EndProject
Project("{8BC9CEB8-8B4A-11D0-8D11-00A0C91BC942}") = "SamplePnet", "SamplesZQCNN\SamplePnet\SamplePnet.vcxproj", "{CB562B05-93BF-44B5-9186-725690F84106}"
	ProjectSection(ProjectDependencies) = postProject
		{43AA2D6A-447E-4153-8A29-7AE8A8296DC7} = {43AA2D6A-447E-4153-8A29-7AE8A8296DC7}
	EndProjectSection
EndProject
Project("{8BC9CEB8-8B4A-11D0-8D11-00A0C91BC942}") = "swapRGBandBGR", "SamplesZQCNN\swapRGBandBGR\swapRGBandBGR.vcxproj", "{F084AD3A-5A34-4E72-84A7-8E325D17AFA9}"
	ProjectSection(ProjectDependencies) = postProject
		{43AA2D6A-447E-4153-8A29-7AE8A8296DC7} = {43AA2D6A-447E-4153-8A29-7AE8A8296DC7}
	EndProjectSection
EndProject
Project("{8BC9CEB8-8B4A-11D0-8D11-00A0C91BC942}") = "SampleMatMul", "SamplesZQCNN\SampleMatMul\SampleMatMul.vcxproj", "{47463DEB-0E5E-427F-9E46-FD278C28A64C}"
	ProjectSection(ProjectDependencies) = postProject
		{68ED426A-4BD4-4703-8741-048A0A07CE9F} = {68ED426A-4BD4-4703-8741-048A0A07CE9F}
	EndProjectSection
EndProject
Project("{8BC9CEB8-8B4A-11D0-8D11-00A0C91BC942}") = "example_for_very_high_gflops", "SamplesZQCNN\example_for_very_high_gflops\example_for_very_high_gflops.vcxproj", "{B3D4D43C-8CAD-40EC-B24E-6CB631F2EA1B}"
EndProject
Project("{8BC9CEB8-8B4A-11D0-8D11-00A0C91BC942}") = "ZQ_GEMM", "ZQ_GEMM\ZQ_GEMM.vcxproj", "{68ED426A-4BD4-4703-8741-048A0A07CE9F}"
EndProject
Project("{8BC9CEB8-8B4A-11D0-8D11-00A0C91BC942}") = "TrainMTCNNprocessor", "SamplesZQCNN\TrainMTCNNprocessor\TrainMTCNNprocessor.vcxproj", "{A7D2F9EB-1117-48A4-B008-078BED511856}"
	ProjectSection(ProjectDependencies) = postProject
		{43AA2D6A-447E-4153-8A29-7AE8A8296DC7} = {43AA2D6A-447E-4153-8A29-7AE8A8296DC7}
		{68ED426A-4BD4-4703-8741-048A0A07CE9F} = {68ED426A-4BD4-4703-8741-048A0A07CE9F}
	EndProjectSection
EndProject
Project("{8BC9CEB8-8B4A-11D0-8D11-00A0C91BC942}") = "SampleLnet", "SamplesZQCNN\SampleLnet\SampleLnet.vcxproj", "{7F7A4C3A-5D05-4821-BAE5-B013BE327C8C}"
EndProject
Project("{8BC9CEB8-8B4A-11D0-8D11-00A0C91BC942}") = "model2code", "SamplesZQCNN\model2code\model2code.vcxproj", "{8EA749F2-4DBA-4246-AB89-FDA9F7AF54BE}"
EndProject
Project("{8BC9CEB8-8B4A-11D0-8D11-00A0C91BC942}") = "SampleMTCNNLoadFromCode", "SamplesZQCNN\SampleMTCNNLoadFromCode\SampleMTCNNLoadFromCode.vcxproj", "{2C3E7FDE-3D21-4C45-8373-4D23305CDEC4}"
	ProjectSection(ProjectDependencies) = postProject
		{43AA2D6A-447E-4153-8A29-7AE8A8296DC7} = {43AA2D6A-447E-4153-8A29-7AE8A8296DC7}
	EndProjectSection
EndProject
Project("{8BC9CEB8-8B4A-11D0-8D11-00A0C91BC942}") = "SampleLnet106", "SamplesZQCNN\SampleLnet106\SampleLnet106.vcxproj", "{5A8751F7-BE4B-40FD-B211-3676FF1277AE}"
	ProjectSection(ProjectDependencies) = postProject
		{43AA2D6A-447E-4153-8A29-7AE8A8296DC7} = {43AA2D6A-447E-4153-8A29-7AE8A8296DC7}
		{68ED426A-4BD4-4703-8741-048A0A07CE9F} = {68ED426A-4BD4-4703-8741-048A0A07CE9F}
	EndProjectSection
EndProject
Project("{8BC9CEB8-8B4A-11D0-8D11-00A0C91BC942}") = "SampleMatMulNEON", "SamplesZQCNN\SampleMatMulNEON\SampleMatMulNEON.vcxproj", "{8CCC5C86-4FF6-433E-B866-F5446AB87EB4}"
EndProject
Project("{8BC9CEB8-8B4A-11D0-8D11-00A0C91BC942}") = "SampleGEPB", "SamplesZQCNN\SampleGEPB\SampleGEPB.vcxproj", "{EE6E242E-77C6-403D-8662-BBAC8434E4C6}"
EndProject
Project("{8BC9CEB8-8B4A-11D0-8D11-00A0C91BC942}") = "SampleMatMulNEON_FP16", "SamplesZQCNN\SampleMatMulNEON_FP16\SampleMatMulNEON_FP16.vcxproj", "{5EAAC698-6085-4CBA-83E7-0EBDDD7B9D14}"
EndProject
Project("{8BC9CEB8-8B4A-11D0-8D11-00A0C91BC942}") = "testWinoF2233", "SamplesZQCNN\testWinoF2233\testWinoF2233.vcxproj", "{04D97EA9-2962-4963-873F-A2A3FC1F0BDE}"
EndProject
Project("{8BC9CEB8-8B4A-11D0-8D11-00A0C91BC942}") = "SampleNCNNsgemm", "SamplesZQCNN\SampleNCNNsgemm\SampleNCNNsgemm.vcxproj", "{41674317-7076-432E-BFE3-5DCF0BAFAE0C}"
EndProject
Project("{8BC9CEB8-8B4A-11D0-8D11-00A0C91BC942}") = "SampleBLISLAB", "SamplesZQCNN\SampleBLISLAB\SampleBLISLAB.vcxproj", "{BF55A29B-F781-4F18-82E2-37AB56A3104A}"
EndProject
Project("{8BC9CEB8-8B4A-11D0-8D11-00A0C91BC942}") = "SampleMTCNN_NCHWC4", "SamplesZQCNN\SampleMTCNN_NCHWC4\SampleMTCNN_NCHWC4.vcxproj", "{FDFB4D8A-A9AE-47E9-B9D8-7CA518AB84A8}"
	ProjectSection(ProjectDependencies) = postProject
		{43AA2D6A-447E-4153-8A29-7AE8A8296DC7} = {43AA2D6A-447E-4153-8A29-7AE8A8296DC7}
	EndProjectSection
EndProject
Project("{8BC9CEB8-8B4A-11D0-8D11-00A0C91BC942}") = "testImageProcessing", "SamplesZQCNN\testImageProcessing\testImageProcessing.vcxproj", "{55D527D9-B32E-42C3-A872-FF76070171B0}"
EndProject
Project("{8BC9CEB8-8B4A-11D0-8D11-00A0C91BC942}") = "SampleMTCNN_AspectRatio", "SamplesZQCNN\SampleMTCNN_AspectRatio\SampleMTCNN_AspectRatio.vcxproj", "{2A5994D0-DF41-444E-BC6A-A1B8D2D3439B}"
	ProjectSection(ProjectDependencies) = postProject
		{43AA2D6A-447E-4153-8A29-7AE8A8296DC7} = {43AA2D6A-447E-4153-8A29-7AE8A8296DC7}
	EndProjectSection
EndProject
Project("{8BC9CEB8-8B4A-11D0-8D11-00A0C91BC942}") = "SampleMTCNNGesture", "SamplesZQCNN\SampleMTCNNGesture\SampleMTCNNGesture.vcxproj", "{441CC3CD-17FB-4CDF-99E9-AD2B1B5911DF}"
EndProject
Project("{8BC9CEB8-8B4A-11D0-8D11-00A0C91BC942}") = "SampleMTCNN_Video", "SamplesZQCNN\SampleMTCNN_Video\SampleMTCNN_Video.vcxproj", "{F6577C0E-6A70-4A30-A9AA-F4B0D7A78EAE}"
EndProject
Project("{8BC9CEB8-8B4A-11D0-8D11-00A0C91BC942}") = "SampleCascadeOnet", "SamplesZQCNN\SampleCascadeOnet\SampleCascadeOnet.vcxproj", "{D1F0D88F-32A2-44F6-AE05-94C9907CFD8B}"
EndProject
Global
	GlobalSection(SolutionConfigurationPlatforms) = preSolution
		Debug|x64 = Debug|x64
		Debug|x86 = Debug|x86
		Release|x64 = Release|x64
		Release|x86 = Release|x86
	EndGlobalSection
	GlobalSection(ProjectConfigurationPlatforms) = postSolution
		{43AA2D6A-447E-4153-8A29-7AE8A8296DC7}.Debug|x64.ActiveCfg = Debug|x64
		{43AA2D6A-447E-4153-8A29-7AE8A8296DC7}.Debug|x64.Build.0 = Debug|x64
		{43AA2D6A-447E-4153-8A29-7AE8A8296DC7}.Debug|x86.ActiveCfg = Debug|Win32
		{43AA2D6A-447E-4153-8A29-7AE8A8296DC7}.Debug|x86.Build.0 = Debug|Win32
		{43AA2D6A-447E-4153-8A29-7AE8A8296DC7}.Release|x64.ActiveCfg = Release|x64
		{43AA2D6A-447E-4153-8A29-7AE8A8296DC7}.Release|x64.Build.0 = Release|x64
		{43AA2D6A-447E-4153-8A29-7AE8A8296DC7}.Release|x86.ActiveCfg = Release|Win32
		{43AA2D6A-447E-4153-8A29-7AE8A8296DC7}.Release|x86.Build.0 = Release|Win32
		{41FF81CD-6CBF-40DE-B4FA-13B187693D31}.Debug|x64.ActiveCfg = Debug|x64
		{41FF81CD-6CBF-40DE-B4FA-13B187693D31}.Debug|x64.Build.0 = Debug|x64
		{41FF81CD-6CBF-40DE-B4FA-13B187693D31}.Debug|x86.ActiveCfg = Debug|Win32
		{41FF81CD-6CBF-40DE-B4FA-13B187693D31}.Debug|x86.Build.0 = Debug|Win32
		{41FF81CD-6CBF-40DE-B4FA-13B187693D31}.Release|x64.ActiveCfg = Release|x64
		{41FF81CD-6CBF-40DE-B4FA-13B187693D31}.Release|x64.Build.0 = Release|x64
		{41FF81CD-6CBF-40DE-B4FA-13B187693D31}.Release|x86.ActiveCfg = Release|Win32
		{41FF81CD-6CBF-40DE-B4FA-13B187693D31}.Release|x86.Build.0 = Release|Win32
		{A528C32E-7B2F-46A9-95DE-F0D83188602E}.Debug|x64.ActiveCfg = Debug|x64
		{A528C32E-7B2F-46A9-95DE-F0D83188602E}.Debug|x64.Build.0 = Debug|x64
		{A528C32E-7B2F-46A9-95DE-F0D83188602E}.Debug|x86.ActiveCfg = Debug|Win32
		{A528C32E-7B2F-46A9-95DE-F0D83188602E}.Debug|x86.Build.0 = Debug|Win32
		{A528C32E-7B2F-46A9-95DE-F0D83188602E}.Release|x64.ActiveCfg = Release|x64
		{A528C32E-7B2F-46A9-95DE-F0D83188602E}.Release|x64.Build.0 = Release|x64
		{A528C32E-7B2F-46A9-95DE-F0D83188602E}.Release|x86.ActiveCfg = Release|Win32
		{A528C32E-7B2F-46A9-95DE-F0D83188602E}.Release|x86.Build.0 = Release|Win32
		{B145EEEB-B178-4C84-B46C-96B32DA394F9}.Debug|x64.ActiveCfg = Debug|x64
		{B145EEEB-B178-4C84-B46C-96B32DA394F9}.Debug|x64.Build.0 = Debug|x64
		{B145EEEB-B178-4C84-B46C-96B32DA394F9}.Debug|x86.ActiveCfg = Debug|Win32
		{B145EEEB-B178-4C84-B46C-96B32DA394F9}.Debug|x86.Build.0 = Debug|Win32
		{B145EEEB-B178-4C84-B46C-96B32DA394F9}.Release|x64.ActiveCfg = Release|x64
		{B145EEEB-B178-4C84-B46C-96B32DA394F9}.Release|x64.Build.0 = Release|x64
		{B145EEEB-B178-4C84-B46C-96B32DA394F9}.Release|x86.ActiveCfg = Release|Win32
		{B145EEEB-B178-4C84-B46C-96B32DA394F9}.Release|x86.Build.0 = Release|Win32
		{77EC5CF0-7A6C-4F1B-8D03-A425168DA3E7}.Debug|x64.ActiveCfg = Debug|x64
		{77EC5CF0-7A6C-4F1B-8D03-A425168DA3E7}.Debug|x64.Build.0 = Debug|x64
		{77EC5CF0-7A6C-4F1B-8D03-A425168DA3E7}.Debug|x86.ActiveCfg = Debug|Win32
		{77EC5CF0-7A6C-4F1B-8D03-A425168DA3E7}.Debug|x86.Build.0 = Debug|Win32
		{77EC5CF0-7A6C-4F1B-8D03-A425168DA3E7}.Release|x64.ActiveCfg = Release|x64
		{77EC5CF0-7A6C-4F1B-8D03-A425168DA3E7}.Release|x64.Build.0 = Release|x64
		{77EC5CF0-7A6C-4F1B-8D03-A425168DA3E7}.Release|x86.ActiveCfg = Release|Win32
		{77EC5CF0-7A6C-4F1B-8D03-A425168DA3E7}.Release|x86.Build.0 = Release|Win32
		{404C7DFA-1DEB-4400-BA0D-D06C86F293AB}.Debug|x64.ActiveCfg = Debug|x64
		{404C7DFA-1DEB-4400-BA0D-D06C86F293AB}.Debug|x64.Build.0 = Debug|x64
		{404C7DFA-1DEB-4400-BA0D-D06C86F293AB}.Debug|x86.ActiveCfg = Debug|Win32
		{404C7DFA-1DEB-4400-BA0D-D06C86F293AB}.Debug|x86.Build.0 = Debug|Win32
		{404C7DFA-1DEB-4400-BA0D-D06C86F293AB}.Release|x64.ActiveCfg = Release|x64
		{404C7DFA-1DEB-4400-BA0D-D06C86F293AB}.Release|x64.Build.0 = Release|x64
		{404C7DFA-1DEB-4400-BA0D-D06C86F293AB}.Release|x86.ActiveCfg = Release|Win32
		{404C7DFA-1DEB-4400-BA0D-D06C86F293AB}.Release|x86.Build.0 = Release|Win32
		{EE58AAF3-7A3F-4AAF-ABDE-4CD7EF5288D9}.Debug|x64.ActiveCfg = Debug|x64
		{EE58AAF3-7A3F-4AAF-ABDE-4CD7EF5288D9}.Debug|x64.Build.0 = Debug|x64
		{EE58AAF3-7A3F-4AAF-ABDE-4CD7EF5288D9}.Debug|x86.ActiveCfg = Debug|Win32
		{EE58AAF3-7A3F-4AAF-ABDE-4CD7EF5288D9}.Debug|x86.Build.0 = Debug|Win32
		{EE58AAF3-7A3F-4AAF-ABDE-4CD7EF5288D9}.Release|x64.ActiveCfg = Release|x64
		{EE58AAF3-7A3F-4AAF-ABDE-4CD7EF5288D9}.Release|x64.Build.0 = Release|x64
		{EE58AAF3-7A3F-4AAF-ABDE-4CD7EF5288D9}.Release|x86.ActiveCfg = Release|Win32
		{EE58AAF3-7A3F-4AAF-ABDE-4CD7EF5288D9}.Release|x86.Build.0 = Release|Win32
		{29808DFF-D602-432A-8F9E-C64D504EC6B6}.Debug|x64.ActiveCfg = Debug|x64
		{29808DFF-D602-432A-8F9E-C64D504EC6B6}.Debug|x64.Build.0 = Debug|x64
		{29808DFF-D602-432A-8F9E-C64D504EC6B6}.Debug|x86.ActiveCfg = Debug|Win32
		{29808DFF-D602-432A-8F9E-C64D504EC6B6}.Debug|x86.Build.0 = Debug|Win32
		{29808DFF-D602-432A-8F9E-C64D504EC6B6}.Release|x64.ActiveCfg = Release|x64
		{29808DFF-D602-432A-8F9E-C64D504EC6B6}.Release|x64.Build.0 = Release|x64
		{29808DFF-D602-432A-8F9E-C64D504EC6B6}.Release|x86.ActiveCfg = Release|Win32
		{29808DFF-D602-432A-8F9E-C64D504EC6B6}.Release|x86.Build.0 = Release|Win32
		{99A02812-5763-445B-87EA-1AF9107F9F29}.Debug|x64.ActiveCfg = Debug|x64
		{99A02812-5763-445B-87EA-1AF9107F9F29}.Debug|x64.Build.0 = Debug|x64
		{99A02812-5763-445B-87EA-1AF9107F9F29}.Debug|x86.ActiveCfg = Debug|Win32
		{99A02812-5763-445B-87EA-1AF9107F9F29}.Debug|x86.Build.0 = Debug|Win32
		{99A02812-5763-445B-87EA-1AF9107F9F29}.Release|x64.ActiveCfg = Release|x64
		{99A02812-5763-445B-87EA-1AF9107F9F29}.Release|x64.Build.0 = Release|x64
		{99A02812-5763-445B-87EA-1AF9107F9F29}.Release|x86.ActiveCfg = Release|Win32
		{99A02812-5763-445B-87EA-1AF9107F9F29}.Release|x86.Build.0 = Release|Win32
		{C1BFBBCE-E9FE-4655-8841-0E51DF71C89B}.Debug|x64.ActiveCfg = Debug|x64
		{C1BFBBCE-E9FE-4655-8841-0E51DF71C89B}.Debug|x64.Build.0 = Debug|x64
		{C1BFBBCE-E9FE-4655-8841-0E51DF71C89B}.Debug|x86.ActiveCfg = Debug|Win32
		{C1BFBBCE-E9FE-4655-8841-0E51DF71C89B}.Debug|x86.Build.0 = Debug|Win32
		{C1BFBBCE-E9FE-4655-8841-0E51DF71C89B}.Release|x64.ActiveCfg = Release|x64
		{C1BFBBCE-E9FE-4655-8841-0E51DF71C89B}.Release|x64.Build.0 = Release|x64
		{C1BFBBCE-E9FE-4655-8841-0E51DF71C89B}.Release|x86.ActiveCfg = Release|Win32
		{C1BFBBCE-E9FE-4655-8841-0E51DF71C89B}.Release|x86.Build.0 = Release|Win32
		{DF40D06F-2480-48D2-A7B3-E268CD15C670}.Debug|x64.ActiveCfg = Debug|x64
		{DF40D06F-2480-48D2-A7B3-E268CD15C670}.Debug|x64.Build.0 = Debug|x64
		{DF40D06F-2480-48D2-A7B3-E268CD15C670}.Debug|x86.ActiveCfg = Debug|Win32
		{DF40D06F-2480-48D2-A7B3-E268CD15C670}.Debug|x86.Build.0 = Debug|Win32
		{DF40D06F-2480-48D2-A7B3-E268CD15C670}.Release|x64.ActiveCfg = Release|x64
		{DF40D06F-2480-48D2-A7B3-E268CD15C670}.Release|x64.Build.0 = Release|x64
		{DF40D06F-2480-48D2-A7B3-E268CD15C670}.Release|x86.ActiveCfg = Release|Win32
		{DF40D06F-2480-48D2-A7B3-E268CD15C670}.Release|x86.Build.0 = Release|Win32
		{A18177EC-DD03-4BBD-BC61-7B704DE64F2B}.Debug|x64.ActiveCfg = Debug|x64
		{A18177EC-DD03-4BBD-BC61-7B704DE64F2B}.Debug|x64.Build.0 = Debug|x64
		{A18177EC-DD03-4BBD-BC61-7B704DE64F2B}.Debug|x86.ActiveCfg = Debug|Win32
		{A18177EC-DD03-4BBD-BC61-7B704DE64F2B}.Debug|x86.Build.0 = Debug|Win32
		{A18177EC-DD03-4BBD-BC61-7B704DE64F2B}.Release|x64.ActiveCfg = Release|x64
		{A18177EC-DD03-4BBD-BC61-7B704DE64F2B}.Release|x64.Build.0 = Release|x64
		{A18177EC-DD03-4BBD-BC61-7B704DE64F2B}.Release|x86.ActiveCfg = Release|Win32
		{A18177EC-DD03-4BBD-BC61-7B704DE64F2B}.Release|x86.Build.0 = Release|Win32
		{F31658B6-F186-405E-881D-E5A9C2CAE80D}.Debug|x64.ActiveCfg = Debug|x64
		{F31658B6-F186-405E-881D-E5A9C2CAE80D}.Debug|x64.Build.0 = Debug|x64
		{F31658B6-F186-405E-881D-E5A9C2CAE80D}.Debug|x86.ActiveCfg = Debug|Win32
		{F31658B6-F186-405E-881D-E5A9C2CAE80D}.Debug|x86.Build.0 = Debug|Win32
		{F31658B6-F186-405E-881D-E5A9C2CAE80D}.Release|x64.ActiveCfg = Release|x64
		{F31658B6-F186-405E-881D-E5A9C2CAE80D}.Release|x64.Build.0 = Release|x64
		{F31658B6-F186-405E-881D-E5A9C2CAE80D}.Release|x86.ActiveCfg = Release|Win32
		{F31658B6-F186-405E-881D-E5A9C2CAE80D}.Release|x86.Build.0 = Release|Win32
		{CB562B05-93BF-44B5-9186-725690F84106}.Debug|x64.ActiveCfg = Debug|x64
		{CB562B05-93BF-44B5-9186-725690F84106}.Debug|x64.Build.0 = Debug|x64
		{CB562B05-93BF-44B5-9186-725690F84106}.Debug|x86.ActiveCfg = Debug|Win32
		{CB562B05-93BF-44B5-9186-725690F84106}.Debug|x86.Build.0 = Debug|Win32
		{CB562B05-93BF-44B5-9186-725690F84106}.Release|x64.ActiveCfg = Release|x64
		{CB562B05-93BF-44B5-9186-725690F84106}.Release|x64.Build.0 = Release|x64
		{CB562B05-93BF-44B5-9186-725690F84106}.Release|x86.ActiveCfg = Release|Win32
		{CB562B05-93BF-44B5-9186-725690F84106}.Release|x86.Build.0 = Release|Win32
		{F084AD3A-5A34-4E72-84A7-8E325D17AFA9}.Debug|x64.ActiveCfg = Debug|x64
		{F084AD3A-5A34-4E72-84A7-8E325D17AFA9}.Debug|x64.Build.0 = Debug|x64
		{F084AD3A-5A34-4E72-84A7-8E325D17AFA9}.Debug|x86.ActiveCfg = Debug|Win32
		{F084AD3A-5A34-4E72-84A7-8E325D17AFA9}.Debug|x86.Build.0 = Debug|Win32
		{F084AD3A-5A34-4E72-84A7-8E325D17AFA9}.Release|x64.ActiveCfg = Release|x64
		{F084AD3A-5A34-4E72-84A7-8E325D17AFA9}.Release|x64.Build.0 = Release|x64
		{F084AD3A-5A34-4E72-84A7-8E325D17AFA9}.Release|x86.ActiveCfg = Release|Win32
		{F084AD3A-5A34-4E72-84A7-8E325D17AFA9}.Release|x86.Build.0 = Release|Win32
		{47463DEB-0E5E-427F-9E46-FD278C28A64C}.Debug|x64.ActiveCfg = Debug|x64
		{47463DEB-0E5E-427F-9E46-FD278C28A64C}.Debug|x64.Build.0 = Debug|x64
		{47463DEB-0E5E-427F-9E46-FD278C28A64C}.Debug|x86.ActiveCfg = Debug|Win32
		{47463DEB-0E5E-427F-9E46-FD278C28A64C}.Debug|x86.Build.0 = Debug|Win32
		{47463DEB-0E5E-427F-9E46-FD278C28A64C}.Release|x64.ActiveCfg = Release|x64
		{47463DEB-0E5E-427F-9E46-FD278C28A64C}.Release|x64.Build.0 = Release|x64
		{47463DEB-0E5E-427F-9E46-FD278C28A64C}.Release|x86.ActiveCfg = Release|Win32
		{47463DEB-0E5E-427F-9E46-FD278C28A64C}.Release|x86.Build.0 = Release|Win32
		{B3D4D43C-8CAD-40EC-B24E-6CB631F2EA1B}.Debug|x64.ActiveCfg = Debug|x64
		{B3D4D43C-8CAD-40EC-B24E-6CB631F2EA1B}.Debug|x64.Build.0 = Debug|x64
		{B3D4D43C-8CAD-40EC-B24E-6CB631F2EA1B}.Debug|x86.ActiveCfg = Debug|Win32
		{B3D4D43C-8CAD-40EC-B24E-6CB631F2EA1B}.Debug|x86.Build.0 = Debug|Win32
		{B3D4D43C-8CAD-40EC-B24E-6CB631F2EA1B}.Release|x64.ActiveCfg = Release|x64
		{B3D4D43C-8CAD-40EC-B24E-6CB631F2EA1B}.Release|x64.Build.0 = Release|x64
		{B3D4D43C-8CAD-40EC-B24E-6CB631F2EA1B}.Release|x86.ActiveCfg = Release|Win32
		{B3D4D43C-8CAD-40EC-B24E-6CB631F2EA1B}.Release|x86.Build.0 = Release|Win32
		{68ED426A-4BD4-4703-8741-048A0A07CE9F}.Debug|x64.ActiveCfg = Debug|x64
		{68ED426A-4BD4-4703-8741-048A0A07CE9F}.Debug|x64.Build.0 = Debug|x64
		{68ED426A-4BD4-4703-8741-048A0A07CE9F}.Debug|x86.ActiveCfg = Debug|Win32
		{68ED426A-4BD4-4703-8741-048A0A07CE9F}.Debug|x86.Build.0 = Debug|Win32
		{68ED426A-4BD4-4703-8741-048A0A07CE9F}.Release|x64.ActiveCfg = Release|x64
		{68ED426A-4BD4-4703-8741-048A0A07CE9F}.Release|x64.Build.0 = Release|x64
		{68ED426A-4BD4-4703-8741-048A0A07CE9F}.Release|x86.ActiveCfg = Release|Win32
		{68ED426A-4BD4-4703-8741-048A0A07CE9F}.Release|x86.Build.0 = Release|Win32
		{A7D2F9EB-1117-48A4-B008-078BED511856}.Debug|x64.ActiveCfg = Debug|x64
		{A7D2F9EB-1117-48A4-B008-078BED511856}.Debug|x64.Build.0 = Debug|x64
		{A7D2F9EB-1117-48A4-B008-078BED511856}.Debug|x86.ActiveCfg = Debug|Win32
		{A7D2F9EB-1117-48A4-B008-078BED511856}.Debug|x86.Build.0 = Debug|Win32
		{A7D2F9EB-1117-48A4-B008-078BED511856}.Release|x64.ActiveCfg = Release|x64
		{A7D2F9EB-1117-48A4-B008-078BED511856}.Release|x64.Build.0 = Release|x64
		{A7D2F9EB-1117-48A4-B008-078BED511856}.Release|x86.ActiveCfg = Release|Win32
		{A7D2F9EB-1117-48A4-B008-078BED511856}.Release|x86.Build.0 = Release|Win32
		{7F7A4C3A-5D05-4821-BAE5-B013BE327C8C}.Debug|x64.ActiveCfg = Debug|x64
		{7F7A4C3A-5D05-4821-BAE5-B013BE327C8C}.Debug|x64.Build.0 = Debug|x64
		{7F7A4C3A-5D05-4821-BAE5-B013BE327C8C}.Debug|x86.ActiveCfg = Debug|Win32
		{7F7A4C3A-5D05-4821-BAE5-B013BE327C8C}.Debug|x86.Build.0 = Debug|Win32
		{7F7A4C3A-5D05-4821-BAE5-B013BE327C8C}.Release|x64.ActiveCfg = Release|x64
		{7F7A4C3A-5D05-4821-BAE5-B013BE327C8C}.Release|x64.Build.0 = Release|x64
		{7F7A4C3A-5D05-4821-BAE5-B013BE327C8C}.Release|x86.ActiveCfg = Release|Win32
		{7F7A4C3A-5D05-4821-BAE5-B013BE327C8C}.Release|x86.Build.0 = Release|Win32
		{8EA749F2-4DBA-4246-AB89-FDA9F7AF54BE}.Debug|x64.ActiveCfg = Debug|x64
		{8EA749F2-4DBA-4246-AB89-FDA9F7AF54BE}.Debug|x64.Build.0 = Debug|x64
		{8EA749F2-4DBA-4246-AB89-FDA9F7AF54BE}.Debug|x86.ActiveCfg = Debug|Win32
		{8EA749F2-4DBA-4246-AB89-FDA9F7AF54BE}.Debug|x86.Build.0 = Debug|Win32
		{8EA749F2-4DBA-4246-AB89-FDA9F7AF54BE}.Release|x64.ActiveCfg = Release|x64
		{8EA749F2-4DBA-4246-AB89-FDA9F7AF54BE}.Release|x64.Build.0 = Release|x64
		{8EA749F2-4DBA-4246-AB89-FDA9F7AF54BE}.Release|x86.ActiveCfg = Release|Win32
		{8EA749F2-4DBA-4246-AB89-FDA9F7AF54BE}.Release|x86.Build.0 = Release|Win32
		{2C3E7FDE-3D21-4C45-8373-4D23305CDEC4}.Debug|x64.ActiveCfg = Debug|x64
		{2C3E7FDE-3D21-4C45-8373-4D23305CDEC4}.Debug|x64.Build.0 = Debug|x64
		{2C3E7FDE-3D21-4C45-8373-4D23305CDEC4}.Debug|x86.ActiveCfg = Debug|Win32
		{2C3E7FDE-3D21-4C45-8373-4D23305CDEC4}.Debug|x86.Build.0 = Debug|Win32
		{2C3E7FDE-3D21-4C45-8373-4D23305CDEC4}.Release|x64.ActiveCfg = Release|x64
		{2C3E7FDE-3D21-4C45-8373-4D23305CDEC4}.Release|x64.Build.0 = Release|x64
		{2C3E7FDE-3D21-4C45-8373-4D23305CDEC4}.Release|x86.ActiveCfg = Release|Win32
		{2C3E7FDE-3D21-4C45-8373-4D23305CDEC4}.Release|x86.Build.0 = Release|Win32
		{5A8751F7-BE4B-40FD-B211-3676FF1277AE}.Debug|x64.ActiveCfg = Debug|x64
		{5A8751F7-BE4B-40FD-B211-3676FF1277AE}.Debug|x64.Build.0 = Debug|x64
		{5A8751F7-BE4B-40FD-B211-3676FF1277AE}.Debug|x86.ActiveCfg = Debug|Win32
		{5A8751F7-BE4B-40FD-B211-3676FF1277AE}.Debug|x86.Build.0 = Debug|Win32
		{5A8751F7-BE4B-40FD-B211-3676FF1277AE}.Release|x64.ActiveCfg = Release|x64
		{5A8751F7-BE4B-40FD-B211-3676FF1277AE}.Release|x64.Build.0 = Release|x64
		{5A8751F7-BE4B-40FD-B211-3676FF1277AE}.Release|x86.ActiveCfg = Release|Win32
		{5A8751F7-BE4B-40FD-B211-3676FF1277AE}.Release|x86.Build.0 = Release|Win32
		{8CCC5C86-4FF6-433E-B866-F5446AB87EB4}.Debug|x64.ActiveCfg = Debug|x64
		{8CCC5C86-4FF6-433E-B866-F5446AB87EB4}.Debug|x64.Build.0 = Debug|x64
		{8CCC5C86-4FF6-433E-B866-F5446AB87EB4}.Debug|x86.ActiveCfg = Debug|Win32
		{8CCC5C86-4FF6-433E-B866-F5446AB87EB4}.Debug|x86.Build.0 = Debug|Win32
		{8CCC5C86-4FF6-433E-B866-F5446AB87EB4}.Release|x64.ActiveCfg = Release|x64
		{8CCC5C86-4FF6-433E-B866-F5446AB87EB4}.Release|x64.Build.0 = Release|x64
		{8CCC5C86-4FF6-433E-B866-F5446AB87EB4}.Release|x86.ActiveCfg = Release|Win32
		{8CCC5C86-4FF6-433E-B866-F5446AB87EB4}.Release|x86.Build.0 = Release|Win32
		{EE6E242E-77C6-403D-8662-BBAC8434E4C6}.Debug|x64.ActiveCfg = Debug|x64
		{EE6E242E-77C6-403D-8662-BBAC8434E4C6}.Debug|x64.Build.0 = Debug|x64
		{EE6E242E-77C6-403D-8662-BBAC8434E4C6}.Debug|x86.ActiveCfg = Debug|Win32
		{EE6E242E-77C6-403D-8662-BBAC8434E4C6}.Debug|x86.Build.0 = Debug|Win32
		{EE6E242E-77C6-403D-8662-BBAC8434E4C6}.Release|x64.ActiveCfg = Release|x64
		{EE6E242E-77C6-403D-8662-BBAC8434E4C6}.Release|x64.Build.0 = Release|x64
		{EE6E242E-77C6-403D-8662-BBAC8434E4C6}.Release|x86.ActiveCfg = Release|Win32
		{EE6E242E-77C6-403D-8662-BBAC8434E4C6}.Release|x86.Build.0 = Release|Win32
		{5EAAC698-6085-4CBA-83E7-0EBDDD7B9D14}.Debug|x64.ActiveCfg = Debug|x64
		{5EAAC698-6085-4CBA-83E7-0EBDDD7B9D14}.Debug|x64.Build.0 = Debug|x64
		{5EAAC698-6085-4CBA-83E7-0EBDDD7B9D14}.Debug|x86.ActiveCfg = Debug|Win32
		{5EAAC698-6085-4CBA-83E7-0EBDDD7B9D14}.Debug|x86.Build.0 = Debug|Win32
		{5EAAC698-6085-4CBA-83E7-0EBDDD7B9D14}.Release|x64.ActiveCfg = Release|x64
		{5EAAC698-6085-4CBA-83E7-0EBDDD7B9D14}.Release|x64.Build.0 = Release|x64
		{5EAAC698-6085-4CBA-83E7-0EBDDD7B9D14}.Release|x86.ActiveCfg = Release|Win32
		{5EAAC698-6085-4CBA-83E7-0EBDDD7B9D14}.Release|x86.Build.0 = Release|Win32
		{04D97EA9-2962-4963-873F-A2A3FC1F0BDE}.Debug|x64.ActiveCfg = Debug|x64
		{04D97EA9-2962-4963-873F-A2A3FC1F0BDE}.Debug|x64.Build.0 = Debug|x64
		{04D97EA9-2962-4963-873F-A2A3FC1F0BDE}.Debug|x86.ActiveCfg = Debug|Win32
		{04D97EA9-2962-4963-873F-A2A3FC1F0BDE}.Debug|x86.Build.0 = Debug|Win32
		{04D97EA9-2962-4963-873F-A2A3FC1F0BDE}.Release|x64.ActiveCfg = Release|x64
		{04D97EA9-2962-4963-873F-A2A3FC1F0BDE}.Release|x64.Build.0 = Release|x64
		{04D97EA9-2962-4963-873F-A2A3FC1F0BDE}.Release|x86.ActiveCfg = Release|Win32
		{04D97EA9-2962-4963-873F-A2A3FC1F0BDE}.Release|x86.Build.0 = Release|Win32
		{41674317-7076-432E-BFE3-5DCF0BAFAE0C}.Debug|x64.ActiveCfg = Debug|x64
		{41674317-7076-432E-BFE3-5DCF0BAFAE0C}.Debug|x64.Build.0 = Debug|x64
		{41674317-7076-432E-BFE3-5DCF0BAFAE0C}.Debug|x86.ActiveCfg = Debug|Win32
		{41674317-7076-432E-BFE3-5DCF0BAFAE0C}.Debug|x86.Build.0 = Debug|Win32
		{41674317-7076-432E-BFE3-5DCF0BAFAE0C}.Release|x64.ActiveCfg = Release|x64
		{41674317-7076-432E-BFE3-5DCF0BAFAE0C}.Release|x64.Build.0 = Release|x64
		{41674317-7076-432E-BFE3-5DCF0BAFAE0C}.Release|x86.ActiveCfg = Release|Win32
		{41674317-7076-432E-BFE3-5DCF0BAFAE0C}.Release|x86.Build.0 = Release|Win32
		{BF55A29B-F781-4F18-82E2-37AB56A3104A}.Debug|x64.ActiveCfg = Debug|x64
		{BF55A29B-F781-4F18-82E2-37AB56A3104A}.Debug|x64.Build.0 = Debug|x64
		{BF55A29B-F781-4F18-82E2-37AB56A3104A}.Debug|x86.ActiveCfg = Debug|Win32
		{BF55A29B-F781-4F18-82E2-37AB56A3104A}.Debug|x86.Build.0 = Debug|Win32
		{BF55A29B-F781-4F18-82E2-37AB56A3104A}.Release|x64.ActiveCfg = Release|x64
		{BF55A29B-F781-4F18-82E2-37AB56A3104A}.Release|x64.Build.0 = Release|x64
		{BF55A29B-F781-4F18-82E2-37AB56A3104A}.Release|x86.ActiveCfg = Release|Win32
		{BF55A29B-F781-4F18-82E2-37AB56A3104A}.Release|x86.Build.0 = Release|Win32
		{FDFB4D8A-A9AE-47E9-B9D8-7CA518AB84A8}.Debug|x64.ActiveCfg = Debug|x64
		{FDFB4D8A-A9AE-47E9-B9D8-7CA518AB84A8}.Debug|x64.Build.0 = Debug|x64
		{FDFB4D8A-A9AE-47E9-B9D8-7CA518AB84A8}.Debug|x86.ActiveCfg = Debug|Win32
		{FDFB4D8A-A9AE-47E9-B9D8-7CA518AB84A8}.Debug|x86.Build.0 = Debug|Win32
		{FDFB4D8A-A9AE-47E9-B9D8-7CA518AB84A8}.Release|x64.ActiveCfg = Release|x64
		{FDFB4D8A-A9AE-47E9-B9D8-7CA518AB84A8}.Release|x64.Build.0 = Release|x64
		{FDFB4D8A-A9AE-47E9-B9D8-7CA518AB84A8}.Release|x86.ActiveCfg = Release|Win32
		{FDFB4D8A-A9AE-47E9-B9D8-7CA518AB84A8}.Release|x86.Build.0 = Release|Win32
		{55D527D9-B32E-42C3-A872-FF76070171B0}.Debug|x64.ActiveCfg = Debug|x64
		{55D527D9-B32E-42C3-A872-FF76070171B0}.Debug|x64.Build.0 = Debug|x64
		{55D527D9-B32E-42C3-A872-FF76070171B0}.Debug|x86.ActiveCfg = Debug|Win32
		{55D527D9-B32E-42C3-A872-FF76070171B0}.Debug|x86.Build.0 = Debug|Win32
		{55D527D9-B32E-42C3-A872-FF76070171B0}.Release|x64.ActiveCfg = Release|x64
		{55D527D9-B32E-42C3-A872-FF76070171B0}.Release|x64.Build.0 = Release|x64
		{55D527D9-B32E-42C3-A872-FF76070171B0}.Release|x86.ActiveCfg = Release|Win32
		{55D527D9-B32E-42C3-A872-FF76070171B0}.Release|x86.Build.0 = Release|Win32
		{2A5994D0-DF41-444E-BC6A-A1B8D2D3439B}.Debug|x64.ActiveCfg = Debug|x64
		{2A5994D0-DF41-444E-BC6A-A1B8D2D3439B}.Debug|x64.Build.0 = Debug|x64
		{2A5994D0-DF41-444E-BC6A-A1B8D2D3439B}.Debug|x86.ActiveCfg = Debug|Win32
		{2A5994D0-DF41-444E-BC6A-A1B8D2D3439B}.Debug|x86.Build.0 = Debug|Win32
		{2A5994D0-DF41-444E-BC6A-A1B8D2D3439B}.Release|x64.ActiveCfg = Release|x64
		{2A5994D0-DF41-444E-BC6A-A1B8D2D3439B}.Release|x64.Build.0 = Release|x64
		{2A5994D0-DF41-444E-BC6A-A1B8D2D3439B}.Release|x86.ActiveCfg = Release|Win32
		{2A5994D0-DF41-444E-BC6A-A1B8D2D3439B}.Release|x86.Build.0 = Release|Win32
		{441CC3CD-17FB-4CDF-99E9-AD2B1B5911DF}.Debug|x64.ActiveCfg = Debug|x64
		{441CC3CD-17FB-4CDF-99E9-AD2B1B5911DF}.Debug|x64.Build.0 = Debug|x64
		{441CC3CD-17FB-4CDF-99E9-AD2B1B5911DF}.Debug|x86.ActiveCfg = Debug|Win32
		{441CC3CD-17FB-4CDF-99E9-AD2B1B5911DF}.Debug|x86.Build.0 = Debug|Win32
		{441CC3CD-17FB-4CDF-99E9-AD2B1B5911DF}.Release|x64.ActiveCfg = Release|x64
		{441CC3CD-17FB-4CDF-99E9-AD2B1B5911DF}.Release|x64.Build.0 = Release|x64
		{441CC3CD-17FB-4CDF-99E9-AD2B1B5911DF}.Release|x86.ActiveCfg = Release|Win32
		{441CC3CD-17FB-4CDF-99E9-AD2B1B5911DF}.Release|x86.Build.0 = Release|Win32
		{F6577C0E-6A70-4A30-A9AA-F4B0D7A78EAE}.Debug|x64.ActiveCfg = Debug|x64
		{F6577C0E-6A70-4A30-A9AA-F4B0D7A78EAE}.Debug|x64.Build.0 = Debug|x64
		{F6577C0E-6A70-4A30-A9AA-F4B0D7A78EAE}.Debug|x86.ActiveCfg = Debug|Win32
		{F6577C0E-6A70-4A30-A9AA-F4B0D7A78EAE}.Debug|x86.Build.0 = Debug|Win32
		{F6577C0E-6A70-4A30-A9AA-F4B0D7A78EAE}.Release|x64.ActiveCfg = Release|x64
		{F6577C0E-6A70-4A30-A9AA-F4B0D7A78EAE}.Release|x64.Build.0 = Release|x64
		{F6577C0E-6A70-4A30-A9AA-F4B0D7A78EAE}.Release|x86.ActiveCfg = Release|Win32
		{F6577C0E-6A70-4A30-A9AA-F4B0D7A78EAE}.Release|x86.Build.0 = Release|Win32
		{D1F0D88F-32A2-44F6-AE05-94C9907CFD8B}.Debug|x64.ActiveCfg = Debug|x64
		{D1F0D88F-32A2-44F6-AE05-94C9907CFD8B}.Debug|x64.Build.0 = Debug|x64
		{D1F0D88F-32A2-44F6-AE05-94C9907CFD8B}.Debug|x86.ActiveCfg = Debug|Win32
		{D1F0D88F-32A2-44F6-AE05-94C9907CFD8B}.Debug|x86.Build.0 = Debug|Win32
		{D1F0D88F-32A2-44F6-AE05-94C9907CFD8B}.Release|x64.ActiveCfg = Release|x64
		{D1F0D88F-32A2-44F6-AE05-94C9907CFD8B}.Release|x64.Build.0 = Release|x64
		{D1F0D88F-32A2-44F6-AE05-94C9907CFD8B}.Release|x86.ActiveCfg = Release|Win32
		{D1F0D88F-32A2-44F6-AE05-94C9907CFD8B}.Release|x86.Build.0 = Release|Win32
	EndGlobalSection
	GlobalSection(SolutionProperties) = preSolution
		HideSolutionNode = FALSE
	EndGlobalSection
EndGlobal
