<?xml version="1.0" encoding="utf-8"?>
<Project ToolsVersion="4.0" xmlns="http://schemas.microsoft.com/developer/msbuild/2003">
  <ItemGroup>
    <Filter Include="源文件">
      <UniqueIdentifier>{4FC737F1-C7A5-4376-A066-2A32D752A2FF}</UniqueIdentifier>
      <Extensions>cpp;c;cc;cxx;def;odl;idl;hpj;bat;asm;asmx</Extensions>
    </Filter>
    <Filter Include="头文件">
      <UniqueIdentifier>{93995380-89BD-4b04-88EB-625FBE52EBFB}</UniqueIdentifier>
      <Extensions>h;hh;hpp;hxx;hm;inl;inc;xsd</Extensions>
    </Filter>
    <Filter Include="资源文件">
      <UniqueIdentifier>{67DA6AB6-F800-4c08-8B7A-83BB121AAD01}</UniqueIdentifier>
      <Extensions>rc;ico;cur;bmp;dlg;rc2;rct;bin;rgs;gif;jpg;jpeg;jpe;resx;tiff;tif;png;wav;mfcribbon-ms</Extensions>
    </Filter>
    <Filter Include="layers_c">
      <UniqueIdentifier>{511e2113-b976-45d9-a4b3-a350b4ff2380}</UniqueIdentifier>
    </Filter>
    <Filter Include="math">
      <UniqueIdentifier>{6ee43eee-57de-4e9e-8b17-0eb3b3925d49}</UniqueIdentifier>
    </Filter>
    <Filter Include="layers_nchwc">
      <UniqueIdentifier>{b0047998-091d-4c62-9884-fc2258d18ca0}</UniqueIdentifier>
    </Filter>
  </ItemGroup>
  <ItemGroup>
    <ClCompile Include="layers_c\zq_cnn_addbias_32f_align_c.c">
      <Filter>layers_c</Filter>
    </ClCompile>
    <ClCompile Include="layers_c\zq_cnn_batchnormscale_32f_align_c.c">
      <Filter>layers_c</Filter>
    </ClCompile>
    <ClCompile Include="layers_c\zq_cnn_convolution_32f_align_c.c">
      <Filter>layers_c</Filter>
    </ClCompile>
    <ClCompile Include="layers_c\zq_cnn_convolution_gemm_32f_align_c.c">
      <Filter>layers_c</Filter>
    </ClCompile>
    <ClCompile Include="layers_c\zq_cnn_dropout_32f_align_c.c">
      <Filter>layers_c</Filter>
    </ClCompile>
    <ClCompile Include="layers_c\zq_cnn_eltwise_32f_align_c.c">
      <Filter>layers_c</Filter>
    </ClCompile>
    <ClCompile Include="layers_c\zq_cnn_innerproduct_32f_align_c.c">
      <Filter>layers_c</Filter>
    </ClCompile>
    <ClCompile Include="layers_c\zq_cnn_innerproduct_gemm_32f_align_c.c">
      <Filter>layers_c</Filter>
    </ClCompile>
    <ClCompile Include="layers_c\zq_cnn_lrn_32f_align_c.c">
      <Filter>layers_c</Filter>
    </ClCompile>
    <ClCompile Include="layers_c\zq_cnn_pooling_32f_align_c.c">
      <Filter>layers_c</Filter>
    </ClCompile>
    <ClCompile Include="layers_c\zq_cnn_prelu_32f_align_c.c">
      <Filter>layers_c</Filter>
    </ClCompile>
    <ClCompile Include="layers_c\zq_cnn_relu_32f_align_c.c">
      <Filter>layers_c</Filter>
    </ClCompile>
    <ClCompile Include="layers_c\zq_cnn_resize_32f_align_c.c">
      <Filter>layers_c</Filter>
    </ClCompile>
    <ClCompile Include="layers_c\zq_cnn_softmax_32f_align_c.c">
      <Filter>layers_c</Filter>
    </ClCompile>
    <ClCompile Include="math\zq_sse_mathfun.c">
      <Filter>math</Filter>
    </ClCompile>
    <ClCompile Include="ZQ_CNN_Forward_SSEUtils.cpp">
      <Filter>源文件</Filter>
    </ClCompile>
    <ClCompile Include="ZQ_CNN_Tensor4D.cpp">
      <Filter>源文件</Filter>
    </ClCompile>
    <ClCompile Include="layers_c\zq_cnn_depthwise_convolution_32f_align_c.c">
      <Filter>layers_c</Filter>
    </ClCompile>
    <ClCompile Include="layers_c\zq_cnn_scalaroperation_32f_align_c.c">
      <Filter>layers_c</Filter>
    </ClCompile>
    <ClCompile Include="layers_c\zq_cnn_normalize_32f_align_c.c">
      <Filter>layers_c</Filter>
    </ClCompile>
    <ClCompile Include="layers_c\zq_cnn_sqrt_32f_align_c.c">
      <Filter>layers_c</Filter>
    </ClCompile>
    <ClCompile Include="layers_c\zq_cnn_reduction_32f_align_c.c">
      <Filter>layers_c</Filter>
    </ClCompile>
    <ClCompile Include="math\zq_avx_mathfun.c">
      <Filter>math</Filter>
    </ClCompile>
    <ClCompile Include="ZQ_CNN_Forward_SSEUtils_NCHWC.cpp">
      <Filter>源文件</Filter>
    </ClCompile>
    <ClCompile Include="layers_nchwc\zq_cnn_addbias_nchwc.c">
      <Filter>layers_nchwc</Filter>
    </ClCompile>
    <ClCompile Include="layers_nchwc\zq_cnn_relu_nchwc.c">
      <Filter>layers_nchwc</Filter>
    </ClCompile>
    <ClCompile Include="layers_nchwc\zq_cnn_prelu_nchwc.c">
      <Filter>layers_nchwc</Filter>
    </ClCompile>
    <ClCompile Include="layers_nchwc\zq_cnn_eltwise_nchwc.c">
      <Filter>layers_nchwc</Filter>
    </ClCompile>
    <ClCompile Include="layers_nchwc\zq_cnn_softmax_nchwc.c">
      <Filter>layers_nchwc</Filter>
    </ClCompile>
    <ClCompile Include="layers_nchwc\zq_cnn_resize_nchwc.c">
      <Filter>layers_nchwc</Filter>
    </ClCompile>
    <ClCompile Include="layers_nchwc\zq_cnn_pooling_nchwc.c">
      <Filter>layers_nchwc</Filter>
    </ClCompile>
    <ClCompile Include="layers_nchwc\zq_cnn_batchnormscale_nchwc.c">
      <Filter>layers_nchwc</Filter>
    </ClCompile>
    <ClCompile Include="layers_nchwc\zq_cnn_depthwise_convolution_nchwc.c">
      <Filter>layers_nchwc</Filter>
    </ClCompile>
    <ClCompile Include="layers_nchwc\zq_cnn_convolution_gemm_nchwc.c">
      <Filter>layers_nchwc</Filter>
    </ClCompile>
    <ClCompile Include="ZQ_CNN_Tensor4D_NCHWC.cpp">
      <Filter>源文件</Filter>
    </ClCompile>
    <ClCompile Include="ZQ_CNN_Net_NCHWC.cpp">
      <Filter>源文件</Filter>
    </ClCompile>
    <ClCompile Include="layers_nchwc\zq_cnn_innerproduct_gemm_nchwc.c">
      <Filter>layers_nchwc</Filter>
    </ClCompile>
  </ItemGroup>
  <ItemGroup>
    <ClInclude Include="layers_c\zq_cnn_addbias_32f_align_c.h">
      <Filter>layers_c</Filter>
    </ClInclude>
    <ClInclude Include="layers_c\zq_cnn_addbias_32f_align_c_raw.h">
      <Filter>layers_c</Filter>
    </ClInclude>
    <ClInclude Include="layers_c\zq_cnn_batchnormscale_32f_align_c.h">
      <Filter>layers_c</Filter>
    </ClInclude>
    <ClInclude Include="layers_c\zq_cnn_batchnormscale_32f_align_c_raw.h">
      <Filter>layers_c</Filter>
    </ClInclude>
    <ClInclude Include="layers_c\zq_cnn_convolution_32f_align_c.h">
      <Filter>layers_c</Filter>
    </ClInclude>
    <ClInclude Include="layers_c\zq_cnn_convolution_32f_align_c_raw.h">
      <Filter>layers_c</Filter>
    </ClInclude>
    <ClInclude Include="layers_c\zq_cnn_convolution_gemm_32f_align_c.h">
      <Filter>layers_c</Filter>
    </ClInclude>
    <ClInclude Include="layers_c\zq_cnn_convolution_gemm_32f_align_c_raw.h">
      <Filter>layers_c</Filter>
    </ClInclude>
    <ClInclude Include="layers_c\zq_cnn_dropout_32f_align_c.h">
      <Filter>layers_c</Filter>
    </ClInclude>
    <ClInclude Include="layers_c\zq_cnn_dropout_32f_align_c_raw.h">
      <Filter>layers_c</Filter>
    </ClInclude>
    <ClInclude Include="layers_c\zq_cnn_eltwise_32f_align_c.h">
      <Filter>layers_c</Filter>
    </ClInclude>
    <ClInclude Include="layers_c\zq_cnn_eltwise_32f_align_c_raw.h">
      <Filter>layers_c</Filter>
    </ClInclude>
    <ClInclude Include="layers_c\zq_cnn_innerproduct_32f_align_c.h">
      <Filter>layers_c</Filter>
    </ClInclude>
    <ClInclude Include="layers_c\zq_cnn_innerproduct_32f_align_c_raw.h">
      <Filter>layers_c</Filter>
    </ClInclude>
    <ClInclude Include="layers_c\zq_cnn_innerproduct_gemm_32f_align_c.h">
      <Filter>layers_c</Filter>
    </ClInclude>
    <ClInclude Include="layers_c\zq_cnn_innerproduct_gemm_32f_align_c_raw.h">
      <Filter>layers_c</Filter>
    </ClInclude>
    <ClInclude Include="layers_c\zq_cnn_lrn_32f_align_c.h">
      <Filter>layers_c</Filter>
    </ClInclude>
    <ClInclude Include="layers_c\zq_cnn_lrn_32f_align_c_raw.h">
      <Filter>layers_c</Filter>
    </ClInclude>
    <ClInclude Include="layers_c\zq_cnn_pooling_32f_align_c.h">
      <Filter>layers_c</Filter>
    </ClInclude>
    <ClInclude Include="layers_c\zq_cnn_pooling_32f_align_c_raw.h">
      <Filter>layers_c</Filter>
    </ClInclude>
    <ClInclude Include="layers_c\zq_cnn_prelu_32f_align_c.h">
      <Filter>layers_c</Filter>
    </ClInclude>
    <ClInclude Include="layers_c\zq_cnn_prelu_32f_align_c_raw.h">
      <Filter>layers_c</Filter>
    </ClInclude>
    <ClInclude Include="layers_c\zq_cnn_relu_32f_align_c.h">
      <Filter>layers_c</Filter>
    </ClInclude>
    <ClInclude Include="layers_c\zq_cnn_relu_32f_align_c_raw.h">
      <Filter>layers_c</Filter>
    </ClInclude>
    <ClInclude Include="layers_c\zq_cnn_resize_32f_align_c.h">
      <Filter>layers_c</Filter>
    </ClInclude>
    <ClInclude Include="layers_c\zq_cnn_resize_32f_align_c_raw.h">
      <Filter>layers_c</Filter>
    </ClInclude>
    <ClInclude Include="layers_c\zq_cnn_softmax_32f_align_c.h">
      <Filter>layers_c</Filter>
    </ClInclude>
    <ClInclude Include="layers_c\zq_cnn_softmax_32f_align_c_raw.h">
      <Filter>layers_c</Filter>
    </ClInclude>
    <ClInclude Include="math\zq_sse_mathfun.h">
      <Filter>math</Filter>
    </ClInclude>
    <ClInclude Include="ZQ_CNN_Forward_SSEUtils.h">
      <Filter>头文件</Filter>
    </ClInclude>
    <ClInclude Include="ZQ_CNN_Layer.h">
      <Filter>头文件</Filter>
    </ClInclude>
    <ClInclude Include="ZQ_CNN_Net.h">
      <Filter>头文件</Filter>
    </ClInclude>
    <ClInclude Include="ZQ_CNN_Tensor4D.h">
      <Filter>头文件</Filter>
    </ClInclude>
    <ClInclude Include="ZQ_CNN_BBox.h">
      <Filter>头文件</Filter>
    </ClInclude>
    <ClInclude Include="layers_c\zq_cnn_depthwise_convolution_32f_align_c.h">
      <Filter>layers_c</Filter>
    </ClInclude>
    <ClInclude Include="ZQ_CNN_BBoxUtils.h">
      <Filter>头文件</Filter>
    </ClInclude>
    <ClInclude Include="ZQ_CNN_SSD.h">
      <Filter>头文件</Filter>
    </ClInclude>
    <ClInclude Include="ZQ_CNN_DetectorInterface.h">
      <Filter>头文件</Filter>
    </ClInclude>
    <ClInclude Include="layers_c\zq_cnn_scalaroperation_32f_align_c.h">
      <Filter>layers_c</Filter>
    </ClInclude>
    <ClInclude Include="layers_c\zq_cnn_scalaroperation_32f_align_c_raw.h">
      <Filter>layers_c</Filter>
    </ClInclude>
    <ClInclude Include="layers_c\zq_cnn_normalize_32f_align_c.h">
      <Filter>layers_c</Filter>
    </ClInclude>
    <ClInclude Include="layers_c\zq_cnn_normalize_32f_align_c_raw.h">
      <Filter>layers_c</Filter>
    </ClInclude>
    <ClInclude Include="ZQ_CNN_TextBoxes.h">
      <Filter>头文件</Filter>
    </ClInclude>
    <ClInclude Include="ZQ_CNN_NSFW.h">
      <Filter>头文件</Filter>
    </ClInclude>
    <ClInclude Include="ZQ_CNN_MouthDetector.h">
      <Filter>头文件</Filter>
    </ClInclude>
    <ClInclude Include="layers_c\zq_cnn_sqrt_32f_align_c.h">
      <Filter>layers_c</Filter>
    </ClInclude>
    <ClInclude Include="layers_c\zq_cnn_reduction_32f_align_c.h">
      <Filter>layers_c</Filter>
    </ClInclude>
    <ClInclude Include="ZQ_CNN_CompileConfig.h">
      <Filter>头文件</Filter>
    </ClInclude>
    <ClInclude Include="ZQ_CNN_MTCNN_old.h">
      <Filter>头文件</Filter>
    </ClInclude>
    <ClInclude Include="ZQ_CNN_MTCNN.h">
      <Filter>头文件</Filter>
    </ClInclude>
    <ClInclude Include="math\zq_avx_mathfun.h">
      <Filter>math</Filter>
    </ClInclude>
    <ClInclude Include="layers_c\zq_cnn_depthwise_convolution_32f_align_c_raw.h">
      <Filter>layers_c</Filter>
    </ClInclude>
    <ClInclude Include="ZQ_CNN_Tensor4D_NCHWC.h">
      <Filter>头文件</Filter>
    </ClInclude>
    <ClInclude Include="ZQ_CNN_Net_NCHWC.h">
      <Filter>头文件</Filter>
    </ClInclude>
    <ClInclude Include="ZQ_CNN_Layer_NCHWC.h">
      <Filter>头文件</Filter>
    </ClInclude>
    <ClInclude Include="ZQ_CNN_Forward_SSEUtils_NCHWC.h">
      <Filter>头文件</Filter>
    </ClInclude>
    <ClInclude Include="layers_nchwc\zq_cnn_addbias_nchwc.h">
      <Filter>layers_nchwc</Filter>
    </ClInclude>
    <ClInclude Include="layers_nchwc\zq_cnn_addbias_nchwc_raw.h">
      <Filter>layers_nchwc</Filter>
    </ClInclude>
    <ClInclude Include="layers_nchwc\zq_cnn_relu_nchwc.h">
      <Filter>layers_nchwc</Filter>
    </ClInclude>
    <ClInclude Include="layers_nchwc\zq_cnn_relu_nchwc_raw.h">
      <Filter>layers_nchwc</Filter>
    </ClInclude>
    <ClInclude Include="layers_nchwc\zq_cnn_prelu_nchwc.h">
      <Filter>layers_nchwc</Filter>
    </ClInclude>
    <ClInclude Include="layers_nchwc\zq_cnn_prelu_nchwc_raw.h">
      <Filter>layers_nchwc</Filter>
    </ClInclude>
    <ClInclude Include="layers_nchwc\zq_cnn_eltwise_nchwc.h">
      <Filter>layers_nchwc</Filter>
    </ClInclude>
    <ClInclude Include="layers_nchwc\zq_cnn_eltwise_nchwc_raw.h">
      <Filter>layers_nchwc</Filter>
    </ClInclude>
    <ClInclude Include="layers_nchwc\zq_cnn_softmax_nchwc.h">
      <Filter>layers_nchwc</Filter>
    </ClInclude>
    <ClInclude Include="layers_nchwc\zq_cnn_softmax_nchwc_raw.h">
      <Filter>layers_nchwc</Filter>
    </ClInclude>
    <ClInclude Include="layers_nchwc\zq_cnn_resize_nchwc_raw.h">
      <Filter>layers_nchwc</Filter>
    </ClInclude>
    <ClInclude Include="layers_nchwc\zq_cnn_resize_nchwc.h">
      <Filter>layers_nchwc</Filter>
    </ClInclude>
    <ClInclude Include="layers_nchwc\zq_cnn_pooling_nchwc.h">
      <Filter>layers_nchwc</Filter>
    </ClInclude>
    <ClInclude Include="layers_nchwc\zq_cnn_pooling_nchwc_raw.h">
      <Filter>layers_nchwc</Filter>
    </ClInclude>
    <ClInclude Include="layers_nchwc\zq_cnn_batchnormscale_nchwc.h">
      <Filter>layers_nchwc</Filter>
    </ClInclude>
    <ClInclude Include="layers_nchwc\zq_cnn_batchnormscale_nchwc_raw.h">
      <Filter>layers_nchwc</Filter>
    </ClInclude>
    <ClInclude Include="layers_nchwc\zq_cnn_depthwise_convolution_nchwc.h">
      <Filter>layers_nchwc</Filter>
    </ClInclude>
    <ClInclude Include="layers_nchwc\zq_cnn_depthwise_convolution_nchwc_raw.h">
      <Filter>layers_nchwc</Filter>
    </ClInclude>
    <ClInclude Include="layers_nchwc\zq_cnn_convolution_gemm_nchwc_raw.h">
      <Filter>layers_nchwc</Filter>
    </ClInclude>
    <ClInclude Include="layers_nchwc\zq_cnn_convolution_gemm_nchwc.h">
      <Filter>layers_nchwc</Filter>
    </ClInclude>
    <ClInclude Include="layers_nchwc\zq_cnn_convolution_gemm_nchwc_col2im.h">
      <Filter>layers_nchwc</Filter>
    </ClInclude>
    <ClInclude Include="layers_nchwc\zq_cnn_innerproduct_gemm_nchwc.h">
      <Filter>layers_nchwc</Filter>
    </ClInclude>
    <ClInclude Include="layers_nchwc\zq_cnn_innerproduct_gemm_nchwc_raw.h">
      <Filter>layers_nchwc</Filter>
    </ClInclude>
    <ClInclude Include="layers_nchwc\zq_cnn_innerproduct_gemm_nchwc_col2im.h">
      <Filter>layers_nchwc</Filter>
    </ClInclude>
    <ClInclude Include="layers_nchwc\zq_cnn_convolution_gemm_nchwc_packed4.h">
      <Filter>layers_nchwc</Filter>
    </ClInclude>
    <ClInclude Include="layers_nchwc\zq_cnn_convolution_gemm_nchwc_prepack4.h">
      <Filter>layers_nchwc</Filter>
    </ClInclude>
    <ClInclude Include="layers_nchwc\zq_cnn_innerproduct_gemm_nchwc_prepack4.h">
      <Filter>layers_nchwc</Filter>
    </ClInclude>
    <ClInclude Include="layers_nchwc\zq_cnn_innerproduct_gemm_nchwc_packed4.h">
      <Filter>layers_nchwc</Filter>
    </ClInclude>
    <ClInclude Include="layers_nchwc\zq_cnn_convolution_gemm_nchwc_packed4_handle_bias_prelu_4x4.h">
      <Filter>layers_nchwc</Filter>
    </ClInclude>
    <ClInclude Include="layers_nchwc\zq_cnn_convolution_gemm_nchwc_packed4_handle_bias_prelu_1x4.h">
      <Filter>layers_nchwc</Filter>
    </ClInclude>
    <ClInclude Include="layers_nchwc\zq_cnn_convolution_gemm_nchwc_packed4_handle_bias_prelu_6x4.h">
      <Filter>layers_nchwc</Filter>
    </ClInclude>
    <ClInclude Include="ZQ_CNN_MTCNN_ncnn.h">
      <Filter>头文件</Filter>
    </ClInclude>
    <ClInclude Include="ZQ_CNN_MTCNN_NCHWC.h">
      <Filter>头文件</Filter>
    </ClInclude>
    <ClInclude Include="ZQ_CNN_MTCNN_AspectRatio.h">
      <Filter>头文件</Filter>
    </ClInclude>
    <ClInclude Include="ZQ_CNN_CascadeOnet.h">
      <Filter>头文件</Filter>
    </ClInclude>
  </ItemGroup>
</Project>