<?xml version="1.0" encoding="utf-8"?>
<Project ToolsVersion="4.0" xmlns="http://schemas.microsoft.com/developer/msbuild/2003">
  <ItemGroup>
    <Filter Include="源文件">
      <UniqueIdentifier>{4FC737F1-C7A5-4376-A066-2A32D752A2FF}</UniqueIdentifier>
      <Extensions>cpp;c;cc;cxx;def;odl;idl;hpj;bat;asm;asmx</Extensions>
    </Filter>
    <Filter Include="头文件">
      <UniqueIdentifier>{93995380-89BD-4b04-88EB-625FBE52EBFB}</UniqueIdentifier>
      <Extensions>h;hh;hpp;hxx;hm;inl;inc;xsd</Extensions>
    </Filter>
    <Filter Include="资源文件">
      <UniqueIdentifier>{67DA6AB6-F800-4c08-8B7A-83BB121AAD01}</UniqueIdentifier>
      <Extensions>rc;ico;cur;bmp;dlg;rc2;rct;bin;rgs;gif;jpg;jpeg;jpe;resx;tiff;tif;png;wav;mfcribbon-ms</Extensions>
    </Filter>
  </ItemGroup>
  <ItemGroup>
    <ClInclude Include="ZQ_FaceDatabase.h">
      <Filter>头文件</Filter>
    </ClInclude>
    <ClInclude Include="ZQ_FaceDatabaseMaker.h">
      <Filter>头文件</Filter>
    </ClInclude>
    <ClInclude Include="ZQ_FaceDetector.h">
      <Filter>头文件</Filter>
    </ClInclude>
    <ClInclude Include="ZQ_FaceDetectorLibFaceDetect.h">
      <Filter>头文件</Filter>
    </ClInclude>
    <ClInclude Include="ZQ_FaceDetectorMTCNN.h">
      <Filter>头文件</Filter>
    </ClInclude>
    <ClInclude Include="ZQ_FaceFeature.h">
      <Filter>头文件</Filter>
    </ClInclude>
    <ClInclude Include="ZQ_FaceRecognizer.h">
      <Filter>头文件</Filter>
    </ClInclude>
    <ClInclude Include="ZQ_FaceRecognizerSphereFace.h">
      <Filter>头文件</Filter>
    </ClInclude>
    <ClInclude Include="ZQ_FaceRecognizerSphereFaceZQCNN.h">
      <Filter>头文件</Filter>
    </ClInclude>
    <ClInclude Include="ZQ_PixelFormat.h">
      <Filter>头文件</Filter>
    </ClInclude>
    <ClInclude Include="ZQ_FaceSearchTarget.h">
      <Filter>头文件</Filter>
    </ClInclude>
    <ClInclude Include="ZQ_FaceContainerForVideo.h">
      <Filter>头文件</Filter>
    </ClInclude>
    <ClInclude Include="ZQ_FaceExtractor.h">
      <Filter>头文件</Filter>
    </ClInclude>
    <ClInclude Include="ZQ_FaceGroup.h">
      <Filter>头文件</Filter>
    </ClInclude>
    <ClInclude Include="ZQ_FaceClustersForVideo.h">
      <Filter>头文件</Filter>
    </ClInclude>
    <ClInclude Include="ZQ_FaceDatabaseCompact.h">
      <Filter>头文件</Filter>
    </ClInclude>
    <ClInclude Include="ZQ_FaceClusterImagesForVideo.h">
      <Filter>头文件</Filter>
    </ClInclude>
    <ClInclude Include="ZQ_FaceIDPrecisionEvaluation.h">
      <Filter>头文件</Filter>
    </ClInclude>
    <ClInclude Include="ZQ_FaceRecognizerSphereFaceMiniCaffe.h">
      <Filter>头文件</Filter>
    </ClInclude>
    <ClInclude Include="ZQ_FaceRecognizerSeetaFace.h">
      <Filter>头文件</Filter>
    </ClInclude>
    <ClInclude Include="ZQ_FaceRecognizerUtils.h">
      <Filter>头文件</Filter>
    </ClInclude>
    <ClInclude Include="ZQ_FaceRecognizerArcFaceMiniCaffe.h">
      <Filter>头文件</Filter>
    </ClInclude>
    <ClInclude Include="ZQ_FaceRecognizerArcFaceZQCNN.h">
      <Filter>头文件</Filter>
    </ClInclude>
    <ClInclude Include="ZQ_FaceRecognizerSphereFaceOpenCV.h">
      <Filter>头文件</Filter>
    </ClInclude>
    <ClInclude Include="ZQ_FaceRecognizerArcFaceOpenCV.h">
      <Filter>头文件</Filter>
    </ClInclude>
  </ItemGroup>
</Project>